
Microsoft Visual Studio Solution File, Format Version 12.00
# Visual Studio Version 17
VisualStudioVersion = 17.1.32210.238
MinimumVisualStudioVersion = 10.0.40219.1
Project("{9A19103F-16F7-4668-BE54-9A1E7A4F7556}") = "WKS_API", "WKS_API\WKS_API.csproj", "{61B201B0-76B1-4AC6-AF62-BA05ACA3FBB5}"
EndProject
Project("{2150E333-8FDC-42A3-9474-1A3956D46DE8}") = "BasicLibs", "BasicLibs", "{ABC41D82-2538-451C-A409-09CEB434C959}"
EndProject
Project("{2150E333-8FDC-42A3-9474-1A3956D46DE8}") = "Grpc", "Grpc", "{B6D9E74F-DB53-4F8E-BAD8-4A532731E55B}"
EndProject
Project("{2150E333-8FDC-42A3-9474-1A3956D46DE8}") = "Src", "Src", "{88C35932-6A36-4E83-8ACF-BDA7D5D32B84}"
EndProject
Project("{FAE04EC0-301F-11D3-BF4B-00C04F79EFBC}") = "WKS_UserPermission", "WKS_UserPermission\WKS_UserPermission.csproj", "{16C67ACB-C907-42B3-998B-F4261B79908E}"
EndProject
Project("{FAE04EC0-301F-11D3-BF4B-00C04F79EFBC}") = "WKS.Basic.SqlSugar", "WKS.Basic.SqlSugar\WKS.Basic.SqlSugar.csproj", "{3687FE88-CA68-4D77-BCE6-E5C602DAC256}"
EndProject
Project("{FAE04EC0-301F-11D3-BF4B-00C04F79EFBC}") = "WKS.Basic.Redis", "WKS.Basic.Redis\WKS.Basic.Redis.csproj", "{5DA8870F-7076-4888-9D3A-078ED0863F57}"
EndProject
Global
	GlobalSection(SolutionConfigurationPlatforms) = preSolution
		Debug|Any CPU = Debug|Any CPU
		Release|Any CPU = Release|Any CPU
	EndGlobalSection
	GlobalSection(ProjectConfigurationPlatforms) = postSolution
		{61B201B0-76B1-4AC6-AF62-BA05ACA3FBB5}.Debug|Any CPU.ActiveCfg = Debug|Any CPU
		{61B201B0-76B1-4AC6-AF62-BA05ACA3FBB5}.Debug|Any CPU.Build.0 = Debug|Any CPU
		{61B201B0-76B1-4AC6-AF62-BA05ACA3FBB5}.Release|Any CPU.ActiveCfg = Release|Any CPU
		{61B201B0-76B1-4AC6-AF62-BA05ACA3FBB5}.Release|Any CPU.Build.0 = Release|Any CPU
		{16C67ACB-C907-42B3-998B-F4261B79908E}.Debug|Any CPU.ActiveCfg = Debug|Any CPU
		{16C67ACB-C907-42B3-998B-F4261B79908E}.Debug|Any CPU.Build.0 = Debug|Any CPU
		{16C67ACB-C907-42B3-998B-F4261B79908E}.Release|Any CPU.ActiveCfg = Release|Any CPU
		{16C67ACB-C907-42B3-998B-F4261B79908E}.Release|Any CPU.Build.0 = Release|Any CPU
		{3687FE88-CA68-4D77-BCE6-E5C602DAC256}.Debug|Any CPU.ActiveCfg = Debug|Any CPU
		{3687FE88-CA68-4D77-BCE6-E5C602DAC256}.Debug|Any CPU.Build.0 = Debug|Any CPU
		{3687FE88-CA68-4D77-BCE6-E5C602DAC256}.Release|Any CPU.ActiveCfg = Release|Any CPU
		{3687FE88-CA68-4D77-BCE6-E5C602DAC256}.Release|Any CPU.Build.0 = Release|Any CPU
		{5DA8870F-7076-4888-9D3A-078ED0863F57}.Debug|Any CPU.ActiveCfg = Debug|Any CPU
		{5DA8870F-7076-4888-9D3A-078ED0863F57}.Debug|Any CPU.Build.0 = Debug|Any CPU
		{5DA8870F-7076-4888-9D3A-078ED0863F57}.Release|Any CPU.ActiveCfg = Release|Any CPU
		{5DA8870F-7076-4888-9D3A-078ED0863F57}.Release|Any CPU.Build.0 = Release|Any CPU
	EndGlobalSection
	GlobalSection(SolutionProperties) = preSolution
		HideSolutionNode = FALSE
	EndGlobalSection
	GlobalSection(NestedProjects) = preSolution
		{16C67ACB-C907-42B3-998B-F4261B79908E} = {88C35932-6A36-4E83-8ACF-BDA7D5D32B84}
		{3687FE88-CA68-4D77-BCE6-E5C602DAC256} = {ABC41D82-2538-451C-A409-09CEB434C959}
		{5DA8870F-7076-4888-9D3A-078ED0863F57} = {ABC41D82-2538-451C-A409-09CEB434C959}
	EndGlobalSection
	GlobalSection(ExtensibilityGlobals) = postSolution
		SolutionGuid = {B9F635D3-4872-488C-B603-4B98C8DDAF83}
	EndGlobalSection
EndGlobal
